
Microsoft Visual Studio Solution File, Format Version 12.00
# Visual Studio Version 17
VisualStudioVersion = 17.3.32901.215
MinimumVisualStudioVersion = 10.0.40219.1
Project("{FAE04EC0-301F-11D3-BF4B-00C04F79EFBC}") = "CRUD Application Asp.net core MVC", "CRUD Application Asp.net core MVC.csproj", "{A9E3BDED-0785-484E-98A3-90B5C724A245}"
EndProject
Global
	GlobalSection(SolutionConfigurationPlatforms) = preSolution
		Debug|Any CPU = Debug|Any CPU
		Release|Any CPU = Release|Any CPU
	EndGlobalSection
	GlobalSection(ProjectConfigurationPlatforms) = postSolution
		{A9E3BDED-0785-484E-98A3-90B5C724A245}.Debug|Any CPU.ActiveCfg = Debug|Any CPU
		{A9E3BDED-0785-484E-98A3-90B5C724A245}.Debug|Any CPU.Build.0 = Debug|Any CPU
		{A9E3BDED-0785-484E-98A3-90B5C724A245}.Release|Any CPU.ActiveCfg = Release|Any CPU
		{A9E3BDED-0785-484E-98A3-90B5C724A245}.Release|Any CPU.Build.0 = Release|Any CPU
	EndGlobalSection
	GlobalSection(SolutionProperties) = preSolution
		HideSolutionNode = FALSE
	EndGlobalSection
	GlobalSection(ExtensibilityGlobals) = postSolution
		SolutionGuid = {074D63B2-E2B0-4D5A-8E3E-2000156AE177}
	EndGlobalSection
EndGlobal
